
Microsoft Visual Studio Solution File, Format Version 12.00
# Visual Studio Version 16
VisualStudioVersion = 16.0.29411.108
MinimumVisualStudioVersion = 10.0.40219.1
Project("{FAE04EC0-301F-11D3-BF4B-00C04F79EFBC}") = "JuryApp", "JuryApp\JuryApp.csproj", "{31007415-24D5-4D50-B72D-176162345512}"
EndProject
Project("{FAE04EC0-301F-11D3-BF4B-00C04F79EFBC}") = "JuryApp.Tests.xUnit", "JuryApp.Tests.xUnit\JuryApp.Tests.xUnit.csproj", "{B63D0D44-EC7B-4E36-9B15-D0FD9F1C261C}"
EndProject
Project("{9A19103F-16F7-4668-BE54-9A1E7A4F7556}") = "JuryApp.Core", "JuryApp.Core\JuryApp.Core.csproj", "{59B30BBF-083C-41A3-981C-423DF14BA7A4}"
EndProject
Global
	GlobalSection(SolutionConfigurationPlatforms) = preSolution
		Debug|Any CPU = Debug|Any CPU
		Debug|ARM = Debug|ARM
		Debug|ARM64 = Debug|ARM64
		Debug|x64 = Debug|x64
		Debug|x86 = Debug|x86
		Release|Any CPU = Release|Any CPU
		Release|ARM = Release|ARM
		Release|ARM64 = Release|ARM64
		Release|x64 = Release|x64
		Release|x86 = Release|x86
	EndGlobalSection
	GlobalSection(ProjectConfigurationPlatforms) = postSolution
		{31007415-24D5-4D50-B72D-176162345512}.Debug|Any CPU.ActiveCfg = Debug|x86
		{31007415-24D5-4D50-B72D-176162345512}.Debug|ARM.ActiveCfg = Debug|ARM
		{31007415-24D5-4D50-B72D-176162345512}.Debug|ARM.Build.0 = Debug|ARM
		{31007415-24D5-4D50-B72D-176162345512}.Debug|ARM.Deploy.0 = Debug|ARM
		{31007415-24D5-4D50-B72D-176162345512}.Debug|ARM64.ActiveCfg = Debug|ARM64
		{31007415-24D5-4D50-B72D-176162345512}.Debug|ARM64.Build.0 = Debug|ARM64
		{31007415-24D5-4D50-B72D-176162345512}.Debug|ARM64.Deploy.0 = Debug|ARM64
		{31007415-24D5-4D50-B72D-176162345512}.Debug|x64.ActiveCfg = Debug|x64
		{31007415-24D5-4D50-B72D-176162345512}.Debug|x64.Build.0 = Debug|x64
		{31007415-24D5-4D50-B72D-176162345512}.Debug|x64.Deploy.0 = Debug|x64
		{31007415-24D5-4D50-B72D-176162345512}.Debug|x86.ActiveCfg = Debug|x86
		{31007415-24D5-4D50-B72D-176162345512}.Debug|x86.Build.0 = Debug|x86
		{31007415-24D5-4D50-B72D-176162345512}.Debug|x86.Deploy.0 = Debug|x86
		{31007415-24D5-4D50-B72D-176162345512}.Release|Any CPU.ActiveCfg = Release|x86
		{31007415-24D5-4D50-B72D-176162345512}.Release|ARM.ActiveCfg = Release|ARM
		{31007415-24D5-4D50-B72D-176162345512}.Release|ARM.Build.0 = Release|ARM
		{31007415-24D5-4D50-B72D-176162345512}.Release|ARM.Deploy.0 = Release|ARM
		{31007415-24D5-4D50-B72D-176162345512}.Release|ARM64.ActiveCfg = Release|ARM64
		{31007415-24D5-4D50-B72D-176162345512}.Release|ARM64.Build.0 = Release|ARM64
		{31007415-24D5-4D50-B72D-176162345512}.Release|ARM64.Deploy.0 = Release|ARM64
		{31007415-24D5-4D50-B72D-176162345512}.Release|x64.ActiveCfg = Release|x64
		{31007415-24D5-4D50-B72D-176162345512}.Release|x64.Build.0 = Release|x64
		{31007415-24D5-4D50-B72D-176162345512}.Release|x64.Deploy.0 = Release|x64
		{31007415-24D5-4D50-B72D-176162345512}.Release|x86.ActiveCfg = Release|x86
		{31007415-24D5-4D50-B72D-176162345512}.Release|x86.Build.0 = Release|x86
		{31007415-24D5-4D50-B72D-176162345512}.Release|x86.Deploy.0 = Release|x86
		{B63D0D44-EC7B-4E36-9B15-D0FD9F1C261C}.Debug|Any CPU.ActiveCfg = Debug|x86
		{B63D0D44-EC7B-4E36-9B15-D0FD9F1C261C}.Debug|ARM.ActiveCfg = Debug|ARM
		{B63D0D44-EC7B-4E36-9B15-D0FD9F1C261C}.Debug|ARM.Build.0 = Debug|ARM
		{B63D0D44-EC7B-4E36-9B15-D0FD9F1C261C}.Debug|ARM.Deploy.0 = Debug|ARM
		{B63D0D44-EC7B-4E36-9B15-D0FD9F1C261C}.Debug|ARM64.ActiveCfg = Debug|x86
		{B63D0D44-EC7B-4E36-9B15-D0FD9F1C261C}.Debug|x64.ActiveCfg = Debug|x64
		{B63D0D44-EC7B-4E36-9B15-D0FD9F1C261C}.Debug|x64.Build.0 = Debug|x64
		{B63D0D44-EC7B-4E36-9B15-D0FD9F1C261C}.Debug|x64.Deploy.0 = Debug|x64
		{B63D0D44-EC7B-4E36-9B15-D0FD9F1C261C}.Debug|x86.ActiveCfg = Debug|x86
		{B63D0D44-EC7B-4E36-9B15-D0FD9F1C261C}.Debug|x86.Build.0 = Debug|x86
		{B63D0D44-EC7B-4E36-9B15-D0FD9F1C261C}.Debug|x86.Deploy.0 = Debug|x86
		{B63D0D44-EC7B-4E36-9B15-D0FD9F1C261C}.Release|Any CPU.ActiveCfg = Release|x86
		{B63D0D44-EC7B-4E36-9B15-D0FD9F1C261C}.Release|ARM.ActiveCfg = Release|ARM
		{B63D0D44-EC7B-4E36-9B15-D0FD9F1C261C}.Release|ARM.Build.0 = Release|ARM
		{B63D0D44-EC7B-4E36-9B15-D0FD9F1C261C}.Release|ARM.Deploy.0 = Release|ARM
		{B63D0D44-EC7B-4E36-9B15-D0FD9F1C261C}.Release|ARM64.ActiveCfg = Release|x86
		{B63D0D44-EC7B-4E36-9B15-D0FD9F1C261C}.Release|x64.ActiveCfg = Release|x64
		{B63D0D44-EC7B-4E36-9B15-D0FD9F1C261C}.Release|x64.Build.0 = Release|x64
		{B63D0D44-EC7B-4E36-9B15-D0FD9F1C261C}.Release|x64.Deploy.0 = Release|x64
		{B63D0D44-EC7B-4E36-9B15-D0FD9F1C261C}.Release|x86.ActiveCfg = Release|x86
		{B63D0D44-EC7B-4E36-9B15-D0FD9F1C261C}.Release|x86.Build.0 = Release|x86
		{B63D0D44-EC7B-4E36-9B15-D0FD9F1C261C}.Release|x86.Deploy.0 = Release|x86
		{59B30BBF-083C-41A3-981C-423DF14BA7A4}.Debug|Any CPU.ActiveCfg = Debug|Any CPU
		{59B30BBF-083C-41A3-981C-423DF14BA7A4}.Debug|Any CPU.Build.0 = Debug|Any CPU
		{59B30BBF-083C-41A3-981C-423DF14BA7A4}.Debug|ARM.ActiveCfg = Debug|Any CPU
		{59B30BBF-083C-41A3-981C-423DF14BA7A4}.Debug|ARM.Build.0 = Debug|Any CPU
		{59B30BBF-083C-41A3-981C-423DF14BA7A4}.Debug|ARM64.ActiveCfg = Debug|Any CPU
		{59B30BBF-083C-41A3-981C-423DF14BA7A4}.Debug|ARM64.Build.0 = Debug|Any CPU
		{59B30BBF-083C-41A3-981C-423DF14BA7A4}.Debug|x64.ActiveCfg = Debug|Any CPU
		{59B30BBF-083C-41A3-981C-423DF14BA7A4}.Debug|x64.Build.0 = Debug|Any CPU
		{59B30BBF-083C-41A3-981C-423DF14BA7A4}.Debug|x86.ActiveCfg = Debug|Any CPU
		{59B30BBF-083C-41A3-981C-423DF14BA7A4}.Debug|x86.Build.0 = Debug|Any CPU
		{59B30BBF-083C-41A3-981C-423DF14BA7A4}.Release|Any CPU.ActiveCfg = Release|Any CPU
		{59B30BBF-083C-41A3-981C-423DF14BA7A4}.Release|Any CPU.Build.0 = Release|Any CPU
		{59B30BBF-083C-41A3-981C-423DF14BA7A4}.Release|ARM.ActiveCfg = Release|Any CPU
		{59B30BBF-083C-41A3-981C-423DF14BA7A4}.Release|ARM.Build.0 = Release|Any CPU
		{59B30BBF-083C-41A3-981C-423DF14BA7A4}.Release|ARM64.ActiveCfg = Release|Any CPU
		{59B30BBF-083C-41A3-981C-423DF14BA7A4}.Release|ARM64.Build.0 = Release|Any CPU
		{59B30BBF-083C-41A3-981C-423DF14BA7A4}.Release|x64.ActiveCfg = Release|Any CPU
		{59B30BBF-083C-41A3-981C-423DF14BA7A4}.Release|x64.Build.0 = Release|Any CPU
		{59B30BBF-083C-41A3-981C-423DF14BA7A4}.Release|x86.ActiveCfg = Release|Any CPU
		{59B30BBF-083C-41A3-981C-423DF14BA7A4}.Release|x86.Build.0 = Release|Any CPU
	EndGlobalSection
	GlobalSection(SolutionProperties) = preSolution
		HideSolutionNode = FALSE
	EndGlobalSection
	GlobalSection(ExtensibilityGlobals) = postSolution
		SolutionGuid = {455F4AD8-00E4-4C07-950D-6FDD54ED975D}
	EndGlobalSection
EndGlobal
