
Microsoft Visual Studio Solution File, Format Version 12.00
# Visual Studio Version 16
VisualStudioVersion = 16.0.29411.108
MinimumVisualStudioVersion = 10.0.40219.1
Project("{FAE04EC0-301F-11D3-BF4B-00C04F79EFBC}") = "JuryApp", "JuryApp\JuryApp.csproj", "{2F7C2235-07DF-481F-8187-E2F38238730A}"
EndProject
Global
	GlobalSection(SolutionConfigurationPlatforms) = preSolution
		Debug|ARM = Debug|ARM
		Debug|ARM64 = Debug|ARM64
		Debug|x64 = Debug|x64
		Debug|x86 = Debug|x86
		Release|ARM = Release|ARM
		Release|ARM64 = Release|ARM64
		Release|x64 = Release|x64
		Release|x86 = Release|x86
	EndGlobalSection
	GlobalSection(ProjectConfigurationPlatforms) = postSolution
		{2F7C2235-07DF-481F-8187-E2F38238730A}.Debug|ARM.ActiveCfg = Debug|ARM
		{2F7C2235-07DF-481F-8187-E2F38238730A}.Debug|ARM.Build.0 = Debug|ARM
		{2F7C2235-07DF-481F-8187-E2F38238730A}.Debug|ARM.Deploy.0 = Debug|ARM
		{2F7C2235-07DF-481F-8187-E2F38238730A}.Debug|ARM64.ActiveCfg = Debug|ARM64
		{2F7C2235-07DF-481F-8187-E2F38238730A}.Debug|ARM64.Build.0 = Debug|ARM64
		{2F7C2235-07DF-481F-8187-E2F38238730A}.Debug|ARM64.Deploy.0 = Debug|ARM64
		{2F7C2235-07DF-481F-8187-E2F38238730A}.Debug|x64.ActiveCfg = Debug|x64
		{2F7C2235-07DF-481F-8187-E2F38238730A}.Debug|x64.Build.0 = Debug|x64
		{2F7C2235-07DF-481F-8187-E2F38238730A}.Debug|x64.Deploy.0 = Debug|x64
		{2F7C2235-07DF-481F-8187-E2F38238730A}.Debug|x86.ActiveCfg = Debug|x86
		{2F7C2235-07DF-481F-8187-E2F38238730A}.Debug|x86.Build.0 = Debug|x86
		{2F7C2235-07DF-481F-8187-E2F38238730A}.Debug|x86.Deploy.0 = Debug|x86
		{2F7C2235-07DF-481F-8187-E2F38238730A}.Release|ARM.ActiveCfg = Release|ARM
		{2F7C2235-07DF-481F-8187-E2F38238730A}.Release|ARM.Build.0 = Release|ARM
		{2F7C2235-07DF-481F-8187-E2F38238730A}.Release|ARM.Deploy.0 = Release|ARM
		{2F7C2235-07DF-481F-8187-E2F38238730A}.Release|ARM64.ActiveCfg = Release|ARM64
		{2F7C2235-07DF-481F-8187-E2F38238730A}.Release|ARM64.Build.0 = Release|ARM64
		{2F7C2235-07DF-481F-8187-E2F38238730A}.Release|ARM64.Deploy.0 = Release|ARM64
		{2F7C2235-07DF-481F-8187-E2F38238730A}.Release|x64.ActiveCfg = Release|x64
		{2F7C2235-07DF-481F-8187-E2F38238730A}.Release|x64.Build.0 = Release|x64
		{2F7C2235-07DF-481F-8187-E2F38238730A}.Release|x64.Deploy.0 = Release|x64
		{2F7C2235-07DF-481F-8187-E2F38238730A}.Release|x86.ActiveCfg = Release|x86
		{2F7C2235-07DF-481F-8187-E2F38238730A}.Release|x86.Build.0 = Release|x86
		{2F7C2235-07DF-481F-8187-E2F38238730A}.Release|x86.Deploy.0 = Release|x86
	EndGlobalSection
	GlobalSection(SolutionProperties) = preSolution
		HideSolutionNode = FALSE
	EndGlobalSection
	GlobalSection(ExtensibilityGlobals) = postSolution
		SolutionGuid = {40344265-A7A8-4997-A445-7F1926AEA4C9}
	EndGlobalSection
EndGlobal
